
Microsoft Visual Studio Solution File, Format Version 12.00
# Visual Studio 15
VisualStudioVersion = 15.0.28307.645
MinimumVisualStudioVersion = 10.0.40219.1
Project("{FAE04EC0-301F-11D3-BF4B-00C04F79EFBC}") = "InsuranceApp", "InsuranceApp\InsuranceApp.csproj", "{3CD38967-DB90-4650-8C29-C1F8E89D8784}"
EndProject
Project("{FAE04EC0-301F-11D3-BF4B-00C04F79EFBC}") = "InsuranceApp.Tests", "InsuranceApp.Tests\InsuranceApp.Tests.csproj", "{96785E2C-9AB7-4760-B165-1B944060FDE4}"
EndProject
Global
	GlobalSection(SolutionConfigurationPlatforms) = preSolution
		Debug|Any CPU = Debug|Any CPU
		Release|Any CPU = Release|Any CPU
	EndGlobalSection
	GlobalSection(ProjectConfigurationPlatforms) = postSolution
		{3CD38967-DB90-4650-8C29-C1F8E89D8784}.Debug|Any CPU.ActiveCfg = Debug|Any CPU
		{3CD38967-DB90-4650-8C29-C1F8E89D8784}.Debug|Any CPU.Build.0 = Debug|Any CPU
		{3CD38967-DB90-4650-8C29-C1F8E89D8784}.Release|Any CPU.ActiveCfg = Release|Any CPU
		{3CD38967-DB90-4650-8C29-C1F8E89D8784}.Release|Any CPU.Build.0 = Release|Any CPU
		{96785E2C-9AB7-4760-B165-1B944060FDE4}.Debug|Any CPU.ActiveCfg = Debug|Any CPU
		{96785E2C-9AB7-4760-B165-1B944060FDE4}.Debug|Any CPU.Build.0 = Debug|Any CPU
		{96785E2C-9AB7-4760-B165-1B944060FDE4}.Release|Any CPU.ActiveCfg = Release|Any CPU
		{96785E2C-9AB7-4760-B165-1B944060FDE4}.Release|Any CPU.Build.0 = Release|Any CPU
	EndGlobalSection
	GlobalSection(SolutionProperties) = preSolution
		HideSolutionNode = FALSE
	EndGlobalSection
	GlobalSection(ExtensibilityGlobals) = postSolution
		SolutionGuid = {2A202506-58BA-4F6C-A827-E6B1CF506A7E}
	EndGlobalSection
EndGlobal
